// !$*UTF8*$!
{
	archiveVersion = 1;
	classes = {
	};
	objectVersion = 56;
	objects = {

/* Begin PBXBuildFile section */
		00A0000000000000000000F1 /* CombinApp.swift in Sources */ = {isa = PBXBuildFile; fileRef = 00A0000000000000000000E1 /* CombinApp.swift */; };
		00A0000000000000000000F2 /* DesignTokens.swift in Sources */ = {isa = PBXBuildFile; fileRef = 00A0000000000000000000E2 /* DesignTokens.swift */; };
		00A0000000000000000000F3 /* Typography.swift in Sources */ = {isa = PBXBuildFile; fileRef = 00A0000000000000000000E3 /* Typography.swift */; };
		00A0000000000000000000F4 /* Icons.swift in Sources */ = {isa = PBXBuildFile; fileRef = 00A0000000000000000000E4 /* Icons.swift */; };
		00A0000000000000000000F5 /* Components.swift in Sources */ = {isa = PBXBuildFile; fileRef = 00A0000000000000000000E5 /* Components.swift */; };
		00A0000000000000000000F6 /* OnboardingScreens.swift in Sources */ = {isa = PBXBuildFile; fileRef = 00A0000000000000000000E6 /* OnboardingScreens.swift */; };
		00A0000000000000000000F7 /* DailyScreens.swift in Sources */ = {isa = PBXBuildFile; fileRef = 00A0000000000000000000E7 /* DailyScreens.swift */; };
		00A0000000000000000000F8 /* AppFlow.swift in Sources */ = {isa = PBXBuildFile; fileRef = 00A0000000000000000000E8 /* AppFlow.swift */; };
		00A0000000000000000000B3 /* PlannerScreens.swift in Sources */ = {isa = PBXBuildFile; fileRef = 00A0000000000000000000EE /* PlannerScreens.swift */; };
		00A0000000000000000000B4 /* WardrobeScreens.swift in Sources */ = {isa = PBXBuildFile; fileRef = 00A0000000000000000000EF /* WardrobeScreens.swift */; };
		00A0000000000000000000B5 /* DiscoverScreens.swift in Sources */ = {isa = PBXBuildFile; fileRef = 00A0000000000000000000FE /* DiscoverScreens.swift */; };
		00A0000000000000000000B6 /* EducationScreens.swift in Sources */ = {isa = PBXBuildFile; fileRef = 00A0000000000000000000FF /* EducationScreens.swift */; };
		00A0000000000000000000FA /* Assets.xcassets in Resources */ = {isa = PBXBuildFile; fileRef = 00A0000000000000000000EA /* Assets.xcassets */; };
		00A0000000000000000000FB /* Newsreader.ttf in Resources */ = {isa = PBXBuildFile; fileRef = 00A0000000000000000000EB /* Newsreader.ttf */; };
		00A0000000000000000000FC /* Geist.ttf in Resources */ = {isa = PBXBuildFile; fileRef = 00A0000000000000000000EC /* Geist.ttf */; };
		00A0000000000000000000FD /* GeistMono.ttf in Resources */ = {isa = PBXBuildFile; fileRef = 00A0000000000000000000ED /* GeistMono.ttf */; };
		00A0000000000000000001B1 /* FirebaseConfig.swift in Sources */ = {isa = PBXBuildFile; fileRef = 00A0000000000000000001A1 /* FirebaseConfig.swift */; };
		00A0000000000000000001B2 /* AuthService.swift in Sources */ = {isa = PBXBuildFile; fileRef = 00A0000000000000000001A2 /* AuthService.swift */; };
		00A0000000000000000001B3 /* PhotoUploadService.swift in Sources */ = {isa = PBXBuildFile; fileRef = 00A0000000000000000001A3 /* PhotoUploadService.swift */; };
		00A0000000000000000001B4 /* VibeCheckService.swift in Sources */ = {isa = PBXBuildFile; fileRef = 00A0000000000000000001A4 /* VibeCheckService.swift */; };
		00A0000000000000000001B5 /* WardrobeService.swift in Sources */ = {isa = PBXBuildFile; fileRef = 00A0000000000000000001A5 /* WardrobeService.swift */; };
		00A0000000000000000001B6 /* StyleVector.swift in Sources */ = {isa = PBXBuildFile; fileRef = 00A0000000000000000001A6 /* StyleVector.swift */; };
		00A0000000000000000001B7 /* VibeCheck.swift in Sources */ = {isa = PBXBuildFile; fileRef = 00A0000000000000000001A7 /* VibeCheck.swift */; };
		00A0000000000000000001B8 /* WardrobeItem.swift in Sources */ = {isa = PBXBuildFile; fileRef = 00A0000000000000000001A8 /* WardrobeItem.swift */; };
		00A0000000000000000001B9 /* CameraCaptureView.swift in Sources */ = {isa = PBXBuildFile; fileRef = 00A0000000000000000001A9 /* CameraCaptureView.swift */; };
		00A0000000000000000001BA /* VibeVoice.swift in Sources */ = {isa = PBXBuildFile; fileRef = 00A0000000000000000001AA /* VibeVoice.swift */; };
		00A0000000000000000001BB /* VibeCheckViewModel.swift in Sources */ = {isa = PBXBuildFile; fileRef = 00A0000000000000000001AB /* VibeCheckViewModel.swift */; };
/* End PBXBuildFile section */

/* Begin PBXFileReference section */
		00A0000000000000000000B2 /* Combin.app */ = {isa = PBXFileReference; explicitFileType = wrapper.application; includeInIndex = 0; path = Combin.app; sourceTree = BUILT_PRODUCTS_DIR; };
		00A0000000000000000000E1 /* CombinApp.swift */ = {isa = PBXFileReference; lastKnownFileType = sourcecode.swift; path = CombinApp.swift; sourceTree = "<group>"; };
		00A0000000000000000000E2 /* DesignTokens.swift */ = {isa = PBXFileReference; lastKnownFileType = sourcecode.swift; path = DesignTokens.swift; sourceTree = "<group>"; };
		00A0000000000000000000E3 /* Typography.swift */ = {isa = PBXFileReference; lastKnownFileType = sourcecode.swift; path = Typography.swift; sourceTree = "<group>"; };
		00A0000000000000000000E4 /* Icons.swift */ = {isa = PBXFileReference; lastKnownFileType = sourcecode.swift; path = Icons.swift; sourceTree = "<group>"; };
		00A0000000000000000000E5 /* Components.swift */ = {isa = PBXFileReference; lastKnownFileType = sourcecode.swift; path = Components.swift; sourceTree = "<group>"; };
		00A0000000000000000000E6 /* OnboardingScreens.swift */ = {isa = PBXFileReference; lastKnownFileType = sourcecode.swift; path = OnboardingScreens.swift; sourceTree = "<group>"; };
		00A0000000000000000000E7 /* DailyScreens.swift */ = {isa = PBXFileReference; lastKnownFileType = sourcecode.swift; path = DailyScreens.swift; sourceTree = "<group>"; };
		00A0000000000000000000E8 /* AppFlow.swift */ = {isa = PBXFileReference; lastKnownFileType = sourcecode.swift; path = AppFlow.swift; sourceTree = "<group>"; };
		00A0000000000000000000EE /* PlannerScreens.swift */ = {isa = PBXFileReference; lastKnownFileType = sourcecode.swift; path = PlannerScreens.swift; sourceTree = "<group>"; };
		00A0000000000000000000EF /* WardrobeScreens.swift */ = {isa = PBXFileReference; lastKnownFileType = sourcecode.swift; path = WardrobeScreens.swift; sourceTree = "<group>"; };
		00A0000000000000000000FE /* DiscoverScreens.swift */ = {isa = PBXFileReference; lastKnownFileType = sourcecode.swift; path = DiscoverScreens.swift; sourceTree = "<group>"; };
		00A0000000000000000000FF /* EducationScreens.swift */ = {isa = PBXFileReference; lastKnownFileType = sourcecode.swift; path = EducationScreens.swift; sourceTree = "<group>"; };
		00A0000000000000000000E9 /* Info.plist */ = {isa = PBXFileReference; lastKnownFileType = text.plist.xml; path = Info.plist; sourceTree = "<group>"; };
		00A0000000000000000000EA /* Assets.xcassets */ = {isa = PBXFileReference; lastKnownFileType = folder.assetcatalog; path = Assets.xcassets; sourceTree = "<group>"; };
		00A0000000000000000000EB /* Newsreader.ttf */ = {isa = PBXFileReference; lastKnownFileType = file; path = Newsreader.ttf; sourceTree = "<group>"; };
		00A0000000000000000000EC /* Geist.ttf */ = {isa = PBXFileReference; lastKnownFileType = file; path = Geist.ttf; sourceTree = "<group>"; };
		00A0000000000000000000ED /* GeistMono.ttf */ = {isa = PBXFileReference; lastKnownFileType = file; path = GeistMono.ttf; sourceTree = "<group>"; };
		00A0000000000000000001A1 /* FirebaseConfig.swift */ = {isa = PBXFileReference; lastKnownFileType = sourcecode.swift; path = FirebaseConfig.swift; sourceTree = "<group>"; };
		00A0000000000000000001A2 /* AuthService.swift */ = {isa = PBXFileReference; lastKnownFileType = sourcecode.swift; path = AuthService.swift; sourceTree = "<group>"; };
		00A0000000000000000001A3 /* PhotoUploadService.swift */ = {isa = PBXFileReference; lastKnownFileType = sourcecode.swift; path = PhotoUploadService.swift; sourceTree = "<group>"; };
		00A0000000000000000001A4 /* VibeCheckService.swift */ = {isa = PBXFileReference; lastKnownFileType = sourcecode.swift; path = VibeCheckService.swift; sourceTree = "<group>"; };
		00A0000000000000000001A5 /* WardrobeService.swift */ = {isa = PBXFileReference; lastKnownFileType = sourcecode.swift; path = WardrobeService.swift; sourceTree = "<group>"; };
		00A0000000000000000001A6 /* StyleVector.swift */ = {isa = PBXFileReference; lastKnownFileType = sourcecode.swift; path = StyleVector.swift; sourceTree = "<group>"; };
		00A0000000000000000001A7 /* VibeCheck.swift */ = {isa = PBXFileReference; lastKnownFileType = sourcecode.swift; path = VibeCheck.swift; sourceTree = "<group>"; };
		00A0000000000000000001A8 /* WardrobeItem.swift */ = {isa = PBXFileReference; lastKnownFileType = sourcecode.swift; path = WardrobeItem.swift; sourceTree = "<group>"; };
		00A0000000000000000001A9 /* CameraCaptureView.swift */ = {isa = PBXFileReference; lastKnownFileType = sourcecode.swift; path = CameraCaptureView.swift; sourceTree = "<group>"; };
		00A0000000000000000001AA /* VibeVoice.swift */ = {isa = PBXFileReference; lastKnownFileType = sourcecode.swift; path = VibeVoice.swift; sourceTree = "<group>"; };
		00A0000000000000000001AB /* VibeCheckViewModel.swift */ = {isa = PBXFileReference; lastKnownFileType = sourcecode.swift; path = VibeCheckViewModel.swift; sourceTree = "<group>"; };
/* End PBXFileReference section */

/* Begin PBXFrameworksBuildPhase section */
		00A0000000000000000000C2 /* Frameworks */ = {
			isa = PBXFrameworksBuildPhase;
			buildActionMask = 2147483647;
			files = (
			);
			runOnlyForDeploymentPostprocessing = 0;
		};
/* End PBXFrameworksBuildPhase section */

/* Begin PBXGroup section */
		00A0000000000000000000A2 = {
			isa = PBXGroup;
			children = (
				00A0000000000000000000A4 /* Combin */,
				00A0000000000000000000A3 /* Products */,
			);
			sourceTree = "<group>";
		};
		00A0000000000000000000A3 /* Products */ = {
			isa = PBXGroup;
			children = (
				00A0000000000000000000B2 /* Combin.app */,
			);
			name = Products;
			sourceTree = "<group>";
		};
		00A0000000000000000000A4 /* Combin */ = {
			isa = PBXGroup;
			children = (
				00A0000000000000000000E1 /* CombinApp.swift */,
				00A0000000000000000001C1 /* Configuration */,
				00A0000000000000000001C3 /* Models */,
				00A0000000000000000001C2 /* Services */,
				00A0000000000000000001C4 /* Features */,
				00A0000000000000000000A5 /* DesignSystem */,
				00A0000000000000000000A6 /* Screens */,
				00A0000000000000000000EA /* Assets.xcassets */,
				00A0000000000000000000A7 /* Resources */,
				00A0000000000000000000E9 /* Info.plist */,
			);
			path = Combin;
			sourceTree = "<group>";
		};
		00A0000000000000000001C1 /* Configuration */ = {
			isa = PBXGroup;
			children = (
				00A0000000000000000001A1 /* FirebaseConfig.swift */,
			);
			path = Configuration;
			sourceTree = "<group>";
		};
		00A0000000000000000001C3 /* Models */ = {
			isa = PBXGroup;
			children = (
				00A0000000000000000001A6 /* StyleVector.swift */,
				00A0000000000000000001A7 /* VibeCheck.swift */,
				00A0000000000000000001A8 /* WardrobeItem.swift */,
			);
			path = Models;
			sourceTree = "<group>";
		};
		00A0000000000000000001C2 /* Services */ = {
			isa = PBXGroup;
			children = (
				00A0000000000000000001A2 /* AuthService.swift */,
				00A0000000000000000001A3 /* PhotoUploadService.swift */,
				00A0000000000000000001A4 /* VibeCheckService.swift */,
				00A0000000000000000001A5 /* WardrobeService.swift */,
			);
			path = Services;
			sourceTree = "<group>";
		};
		00A0000000000000000001C4 /* Features */ = {
			isa = PBXGroup;
			children = (
				00A0000000000000000001C5 /* Camera */,
				00A0000000000000000001C6 /* VibeCheckResult */,
			);
			path = Features;
			sourceTree = "<group>";
		};
		00A0000000000000000001C5 /* Camera */ = {
			isa = PBXGroup;
			children = (
				00A0000000000000000001A9 /* CameraCaptureView.swift */,
			);
			path = Camera;
			sourceTree = "<group>";
		};
		00A0000000000000000001C6 /* VibeCheckResult */ = {
			isa = PBXGroup;
			children = (
				00A0000000000000000001AA /* VibeVoice.swift */,
				00A0000000000000000001AB /* VibeCheckViewModel.swift */,
			);
			path = VibeCheckResult;
			sourceTree = "<group>";
		};
		00A0000000000000000000A5 /* DesignSystem */ = {
			isa = PBXGroup;
			children = (
				00A0000000000000000000E2 /* DesignTokens.swift */,
				00A0000000000000000000E3 /* Typography.swift */,
				00A0000000000000000000E4 /* Icons.swift */,
				00A0000000000000000000E5 /* Components.swift */,
			);
			path = DesignSystem;
			sourceTree = "<group>";
		};
		00A0000000000000000000A6 /* Screens */ = {
			isa = PBXGroup;
			children = (
				00A0000000000000000000E6 /* OnboardingScreens.swift */,
				00A0000000000000000000E7 /* DailyScreens.swift */,
				00A0000000000000000000EF /* WardrobeScreens.swift */,
				00A0000000000000000000EE /* PlannerScreens.swift */,
				00A0000000000000000000FE /* DiscoverScreens.swift */,
				00A0000000000000000000FF /* EducationScreens.swift */,
				00A0000000000000000000E8 /* AppFlow.swift */,
			);
			path = Screens;
			sourceTree = "<group>";
		};
		00A0000000000000000000A7 /* Resources */ = {
			isa = PBXGroup;
			children = (
				00A0000000000000000000A8 /* Fonts */,
			);
			path = Resources;
			sourceTree = "<group>";
		};
		00A0000000000000000000A8 /* Fonts */ = {
			isa = PBXGroup;
			children = (
				00A0000000000000000000EB /* Newsreader.ttf */,
				00A0000000000000000000EC /* Geist.ttf */,
				00A0000000000000000000ED /* GeistMono.ttf */,
			);
			path = Fonts;
			sourceTree = "<group>";
		};
/* End PBXGroup section */

/* Begin PBXNativeTarget section */
		00A0000000000000000000B1 /* Combin */ = {
			isa = PBXNativeTarget;
			buildConfigurationList = 00A0000000000000000000D2 /* Build configuration list for PBXNativeTarget "Combin" */;
			buildPhases = (
				00A0000000000000000000C1 /* Sources */,
				00A0000000000000000000C2 /* Frameworks */,
				00A0000000000000000000C3 /* Resources */,
			);
			buildRules = (
			);
			dependencies = (
			);
			name = Combin;
			productName = Combin;
			productReference = 00A0000000000000000000B2 /* Combin.app */;
			productType = "com.apple.product-type.application";
		};
/* End PBXNativeTarget section */

/* Begin PBXProject section */
		00A0000000000000000000A1 /* Project object */ = {
			isa = PBXProject;
			attributes = {
				BuildIndependentTargetsInParallel = 1;
				LastSwiftUpdateCheck = 1500;
				LastUpgradeCheck = 1500;
				TargetAttributes = {
					00A0000000000000000000B1 = {
						CreatedOnToolsVersion = 15.0;
					};
				};
			};
			buildConfigurationList = 00A0000000000000000000D1 /* Build configuration list for PBXProject "Combin" */;
			compatibilityVersion = "Xcode 14.0";
			developmentRegion = en;
			hasScannedForEncodings = 0;
			knownRegions = (
				en,
				Base,
			);
			mainGroup = 00A0000000000000000000A2;
			productRefGroup = 00A0000000000000000000A3 /* Products */;
			projectDirPath = "";
			projectRoot = "";
			targets = (
				00A0000000000000000000B1 /* Combin */,
			);
		};
/* End PBXProject section */

/* Begin PBXResourcesBuildPhase section */
		00A0000000000000000000C3 /* Resources */ = {
			isa = PBXResourcesBuildPhase;
			buildActionMask = 2147483647;
			files = (
				00A0000000000000000000FA /* Assets.xcassets in Resources */,
				00A0000000000000000000FB /* Newsreader.ttf in Resources */,
				00A0000000000000000000FC /* Geist.ttf in Resources */,
				00A0000000000000000000FD /* GeistMono.ttf in Resources */,
			);
			runOnlyForDeploymentPostprocessing = 0;
		};
/* End PBXResourcesBuildPhase section */

/* Begin PBXSourcesBuildPhase section */
		00A0000000000000000000C1 /* Sources */ = {
			isa = PBXSourcesBuildPhase;
			buildActionMask = 2147483647;
			files = (
				00A0000000000000000000F1 /* CombinApp.swift in Sources */,
				00A0000000000000000000F2 /* DesignTokens.swift in Sources */,
				00A0000000000000000000F3 /* Typography.swift in Sources */,
				00A0000000000000000000F4 /* Icons.swift in Sources */,
				00A0000000000000000000F5 /* Components.swift in Sources */,
				00A0000000000000000000F6 /* OnboardingScreens.swift in Sources */,
				00A0000000000000000000F7 /* DailyScreens.swift in Sources */,
				00A0000000000000000000F8 /* AppFlow.swift in Sources */,
				00A0000000000000000000B4 /* WardrobeScreens.swift in Sources */,
				00A0000000000000000000B3 /* PlannerScreens.swift in Sources */,
				00A0000000000000000000B5 /* DiscoverScreens.swift in Sources */,
				00A0000000000000000000B6 /* EducationScreens.swift in Sources */,
				00A0000000000000000001B1 /* FirebaseConfig.swift in Sources */,
				00A0000000000000000001B2 /* AuthService.swift in Sources */,
				00A0000000000000000001B3 /* PhotoUploadService.swift in Sources */,
				00A0000000000000000001B4 /* VibeCheckService.swift in Sources */,
				00A0000000000000000001B5 /* WardrobeService.swift in Sources */,
				00A0000000000000000001B6 /* StyleVector.swift in Sources */,
				00A0000000000000000001B7 /* VibeCheck.swift in Sources */,
				00A0000000000000000001B8 /* WardrobeItem.swift in Sources */,
				00A0000000000000000001B9 /* CameraCaptureView.swift in Sources */,
				00A0000000000000000001BA /* VibeVoice.swift in Sources */,
				00A0000000000000000001BB /* VibeCheckViewModel.swift in Sources */,
			);
			runOnlyForDeploymentPostprocessing = 0;
		};
/* End PBXSourcesBuildPhase section */

/* Begin XCBuildConfiguration section */
		00A0000000000000000000D3 /* Debug */ = {
			isa = XCBuildConfiguration;
			buildSettings = {
				ALWAYS_SEARCH_USER_PATHS = NO;
				CLANG_ANALYZER_NONNULL = YES;
				CLANG_ENABLE_MODULES = YES;
				CLANG_ENABLE_OBJC_ARC = YES;
				CLANG_WARN_BOOL_CONVERSION = YES;
				CLANG_WARN_DOCUMENTATION_COMMENTS = YES;
				CLANG_WARN_UNGUARDED_AVAILABILITY = YES_AGGRESSIVE;
				COPY_PHASE_STRIP = NO;
				DEBUG_INFORMATION_FORMAT = dwarf;
				ENABLE_STRICT_OBJC_MSGSEND = YES;
				ENABLE_TESTABILITY = YES;
				ENABLE_USER_SCRIPT_SANDBOXING = YES;
				GCC_C_LANGUAGE_STANDARD = gnu17;
				GCC_DYNAMIC_NO_PIC = NO;
				GCC_NO_COMMON_BLOCKS = YES;
				GCC_OPTIMIZATION_LEVEL = 0;
				GCC_PREPROCESSOR_DEFINITIONS = (
					"DEBUG=1",
					"$(inherited)",
				);
				IPHONEOS_DEPLOYMENT_TARGET = 17.0;
				MTL_ENABLE_DEBUG_INFO = INCLUDE_SOURCE;
				MTL_FAST_MATH = YES;
				ONLY_ACTIVE_ARCH = YES;
				SDKROOT = iphoneos;
				SWIFT_ACTIVE_COMPILATION_CONDITIONS = "DEBUG $(inherited)";
				SWIFT_OPTIMIZATION_LEVEL = "-Onone";
			};
			name = Debug;
		};
		00A0000000000000000000D4 /* Release */ = {
			isa = XCBuildConfiguration;
			buildSettings = {
				ALWAYS_SEARCH_USER_PATHS = NO;
				CLANG_ANALYZER_NONNULL = YES;
				CLANG_ENABLE_MODULES = YES;
				CLANG_ENABLE_OBJC_ARC = YES;
				CLANG_WARN_BOOL_CONVERSION = YES;
				CLANG_WARN_DOCUMENTATION_COMMENTS = YES;
				CLANG_WARN_UNGUARDED_AVAILABILITY = YES_AGGRESSIVE;
				COPY_PHASE_STRIP = NO;
				DEBUG_INFORMATION_FORMAT = "dwarf-with-dsym";
				ENABLE_NS_ASSERTIONS = NO;
				ENABLE_STRICT_OBJC_MSGSEND = YES;
				ENABLE_USER_SCRIPT_SANDBOXING = YES;
				GCC_C_LANGUAGE_STANDARD = gnu17;
				GCC_NO_COMMON_BLOCKS = YES;
				IPHONEOS_DEPLOYMENT_TARGET = 17.0;
				MTL_ENABLE_DEBUG_INFO = NO;
				MTL_FAST_MATH = YES;
				SDKROOT = iphoneos;
				SWIFT_COMPILATION_MODE = wholemodule;
				SWIFT_OPTIMIZATION_LEVEL = "-O";
			};
			name = Release;
		};
		00A0000000000000000000D5 /* Debug */ = {
			isa = XCBuildConfiguration;
			buildSettings = {
				ASSETCATALOG_COMPILER_APPICON_NAME = AppIcon;
				ASSETCATALOG_COMPILER_GLOBAL_ACCENT_COLOR_NAME = AccentColor;
				CODE_SIGN_STYLE = Automatic;
				CURRENT_PROJECT_VERSION = 1;
				ENABLE_PREVIEWS = YES;
				GENERATE_INFOPLIST_FILE = NO;
				INFOPLIST_FILE = Combin/Info.plist;
				IPHONEOS_DEPLOYMENT_TARGET = 17.0;
				LD_RUNPATH_SEARCH_PATHS = (
					"$(inherited)",
					"@executable_path/Frameworks",
				);
				MARKETING_VERSION = 1.0;
				PRODUCT_BUNDLE_IDENTIFIER = com.combin.app;
				PRODUCT_NAME = "$(TARGET_NAME)";
				SWIFT_EMIT_LOC_STRINGS = YES;
				SWIFT_VERSION = 5.0;
				TARGETED_DEVICE_FAMILY = 1;
			};
			name = Debug;
		};
		00A0000000000000000000D6 /* Release */ = {
			isa = XCBuildConfiguration;
			buildSettings = {
				ASSETCATALOG_COMPILER_APPICON_NAME = AppIcon;
				ASSETCATALOG_COMPILER_GLOBAL_ACCENT_COLOR_NAME = AccentColor;
				CODE_SIGN_STYLE = Automatic;
				CURRENT_PROJECT_VERSION = 1;
				ENABLE_PREVIEWS = YES;
				GENERATE_INFOPLIST_FILE = NO;
				INFOPLIST_FILE = Combin/Info.plist;
				IPHONEOS_DEPLOYMENT_TARGET = 17.0;
				LD_RUNPATH_SEARCH_PATHS = (
					"$(inherited)",
					"@executable_path/Frameworks",
				);
				MARKETING_VERSION = 1.0;
				PRODUCT_BUNDLE_IDENTIFIER = com.combin.app;
				PRODUCT_NAME = "$(TARGET_NAME)";
				SWIFT_EMIT_LOC_STRINGS = YES;
				SWIFT_VERSION = 5.0;
				TARGETED_DEVICE_FAMILY = 1;
			};
			name = Release;
		};
/* End XCBuildConfiguration section */

/* Begin XCConfigurationList section */
		00A0000000000000000000D1 /* Build configuration list for PBXProject "Combin" */ = {
			isa = XCConfigurationList;
			buildConfigurations = (
				00A0000000000000000000D3 /* Debug */,
				00A0000000000000000000D4 /* Release */,
			);
			defaultConfigurationIsVisible = 0;
			defaultConfigurationName = Release;
		};
		00A0000000000000000000D2 /* Build configuration list for PBXNativeTarget "Combin" */ = {
			isa = XCConfigurationList;
			buildConfigurations = (
				00A0000000000000000000D5 /* Debug */,
				00A0000000000000000000D6 /* Release */,
			);
			defaultConfigurationIsVisible = 0;
			defaultConfigurationName = Release;
		};
/* End XCConfigurationList section */
	};
	rootObject = 00A0000000000000000000A1 /* Project object */;
}
